
Microsoft Visual Studio Solution File, Format Version 12.00
# Visual Studio Version 17
VisualStudioVersion = 17.0.31903.59
MinimumVisualStudioVersion = 10.0.40219.1
Project("{FAE04EC0-301F-11D3-BF4B-00C04F79EFBC}") = "ProcessorSchemaDemo", "ProcessorSchemaDemo\ProcessorSchemaDemo.csproj", "{34329A6B-912F-4558-9218-AB2A82A815F6}"
EndProject
Global
	GlobalSection(SolutionConfigurationPlatforms) = preSolution
		Debug|Any CPU = Debug|Any CPU
		Release|Any CPU = Release|Any CPU
	EndGlobalSection
	GlobalSection(SolutionProperties) = preSolution
		HideSolutionNode = FALSE
	EndGlobalSection
	GlobalSection(ProjectConfigurationPlatforms) = postSolution
		{34329A6B-912F-4558-9218-AB2A82A815F6}.Debug|Any CPU.ActiveCfg = Debug|Any CPU
		{34329A6B-912F-4558-9218-AB2A82A815F6}.Debug|Any CPU.Build.0 = Debug|Any CPU
		{34329A6B-912F-4558-9218-AB2A82A815F6}.Release|Any CPU.ActiveCfg = Release|Any CPU
		{34329A6B-912F-4558-9218-AB2A82A815F6}.Release|Any CPU.Build.0 = Release|Any CPU
	EndGlobalSection
EndGlobal
